
Microsoft Visual Studio Solution File, Format Version 12.00
# Visual Studio Version 17
VisualStudioVersion = 17.8.34330.188
MinimumVisualStudioVersion = 10.0.40219.1
Project("{FAE04EC0-301F-11D3-BF4B-00C04F79EFBC}") = "TemporalMotionExtractionAnalysis", "TemporalMotionExtractionAnalysis.csproj", "{8F7BBAB7-2969-4563-81C8-AE04269CE884}"
EndProject
Global
	GlobalSection(SolutionConfigurationPlatforms) = preSolution
		Debug|Any CPU = Debug|Any CPU
		Release|Any CPU = Release|Any CPU
	EndGlobalSection
	GlobalSection(ProjectConfigurationPlatforms) = postSolution
		{8F7BBAB7-2969-4563-81C8-AE04269CE884}.Debug|Any CPU.ActiveCfg = Debug|Any CPU
		{8F7BBAB7-2969-4563-81C8-AE04269CE884}.Debug|Any CPU.Build.0 = Debug|Any CPU
		{8F7BBAB7-2969-4563-81C8-AE04269CE884}.Release|Any CPU.ActiveCfg = Release|Any CPU
		{8F7BBAB7-2969-4563-81C8-AE04269CE884}.Release|Any CPU.Build.0 = Release|Any CPU
	EndGlobalSection
	GlobalSection(SolutionProperties) = preSolution
		HideSolutionNode = FALSE
	EndGlobalSection
	GlobalSection(ExtensibilityGlobals) = postSolution
		SolutionGuid = {458F543A-E8A6-4FCC-B6A7-960FBF35560E}
	EndGlobalSection
EndGlobal
